// !$*UTF8*$!
{
	archiveVersion = 1;
	classes = {
	};
	objectVersion = 50;
	objects = {

/* Begin PBXBuildFile section */
		A62DF29A210E16B5009482A9 /* AppDelegate.swift in Sources */ = {isa = PBXBuildFile; fileRef = A62DF299210E16B5009482A9 /* AppDelegate.swift */; };
		A62DF29C210E16B5009482A9 /* FirstViewController.swift in Sources */ = {isa = PBXBuildFile; fileRef = A62DF29B210E16B5009482A9 /* FirstViewController.swift */; };
		A62DF29E210E16B5009482A9 /* SecondViewController.swift in Sources */ = {isa = PBXBuildFile; fileRef = A62DF29D210E16B5009482A9 /* SecondViewController.swift */; };
		A62DF2A1210E16B5009482A9 /* Main.storyboard in Resources */ = {isa = PBXBuildFile; fileRef = A62DF29F210E16B5009482A9 /* Main.storyboard */; };
		A62DF2A3210E16B8009482A9 /* Assets.xcassets in Resources */ = {isa = PBXBuildFile; fileRef = A62DF2A2210E16B8009482A9 /* Assets.xcassets */; };
		A62DF2A6210E16B8009482A9 /* LaunchScreen.storyboard in Resources */ = {isa = PBXBuildFile; fileRef = A62DF2A4210E16B8009482A9 /* LaunchScreen.storyboard */; };
		A62DF2B1210E16B8009482A9 /* HeartBeeTests.swift in Sources */ = {isa = PBXBuildFile; fileRef = A62DF2B0210E16B8009482A9 /* HeartBeeTests.swift */; };
		A62DF2BC210E16B8009482A9 /* HeartBeeUITests.swift in Sources */ = {isa = PBXBuildFile; fileRef = A62DF2BB210E16B8009482A9 /* HeartBeeUITests.swift */; };
/* End PBXBuildFile section */

/* Begin PBXContainerItemProxy section */
		A62DF2AD210E16B8009482A9 /* PBXContainerItemProxy */ = {
			isa = PBXContainerItemProxy;
			containerPortal = A62DF28E210E16B5009482A9 /* Project object */;
			proxyType = 1;
			remoteGlobalIDString = A62DF295210E16B5009482A9;
			remoteInfo = HeartBee;
		};
		A62DF2B8210E16B8009482A9 /* PBXContainerItemProxy */ = {
			isa = PBXContainerItemProxy;
			containerPortal = A62DF28E210E16B5009482A9 /* Project object */;
			proxyType = 1;
			remoteGlobalIDString = A62DF295210E16B5009482A9;
			remoteInfo = HeartBee;
		};
/* End PBXContainerItemProxy section */

/* Begin PBXFileReference section */
		A62DF296210E16B5009482A9 /* HeartBee.app */ = {isa = PBXFileReference; explicitFileType = wrapper.application; includeInIndex = 0; path = HeartBee.app; sourceTree = BUILT_PRODUCTS_DIR; };
		A62DF299210E16B5009482A9 /* AppDelegate.swift */ = {isa = PBXFileReference; lastKnownFileType = sourcecode.swift; path = AppDelegate.swift; sourceTree = "<group>"; };
		A62DF29B210E16B5009482A9 /* FirstViewController.swift */ = {isa = PBXFileReference; lastKnownFileType = sourcecode.swift; path = FirstViewController.swift; sourceTree = "<group>"; };
		A62DF29D210E16B5009482A9 /* SecondViewController.swift */ = {isa = PBXFileReference; lastKnownFileType = sourcecode.swift; path = SecondViewController.swift; sourceTree = "<group>"; };
		A62DF2A0210E16B5009482A9 /* Base */ = {isa = PBXFileReference; lastKnownFileType = file.storyboard; name = Base; path = Base.lproj/Main.storyboard; sourceTree = "<group>"; };
		A62DF2A2210E16B8009482A9 /* Assets.xcassets */ = {isa = PBXFileReference; lastKnownFileType = folder.assetcatalog; path = Assets.xcassets; sourceTree = "<group>"; };
		A62DF2A5210E16B8009482A9 /* Base */ = {isa = PBXFileReference; lastKnownFileType = file.storyboard; name = Base; path = Base.lproj/LaunchScreen.storyboard; sourceTree = "<group>"; };
		A62DF2A7210E16B8009482A9 /* Info.plist */ = {isa = PBXFileReference; lastKnownFileType = text.plist.xml; path = Info.plist; sourceTree = "<group>"; };
		A62DF2AC210E16B8009482A9 /* HeartBeeTests.xctest */ = {isa = PBXFileReference; explicitFileType = wrapper.cfbundle; includeInIndex = 0; path = HeartBeeTests.xctest; sourceTree = BUILT_PRODUCTS_DIR; };
		A62DF2B0210E16B8009482A9 /* HeartBeeTests.swift */ = {isa = PBXFileReference; lastKnownFileType = sourcecode.swift; path = HeartBeeTests.swift; sourceTree = "<group>"; };
		A62DF2B2210E16B8009482A9 /* Info.plist */ = {isa = PBXFileReference; lastKnownFileType = text.plist.xml; path = Info.plist; sourceTree = "<group>"; };
		A62DF2B7210E16B8009482A9 /* HeartBeeUITests.xctest */ = {isa = PBXFileReference; explicitFileType = wrapper.cfbundle; includeInIndex = 0; path = HeartBeeUITests.xctest; sourceTree = BUILT_PRODUCTS_DIR; };
		A62DF2BB210E16B8009482A9 /* HeartBeeUITests.swift */ = {isa = PBXFileReference; lastKnownFileType = sourcecode.swift; path = HeartBeeUITests.swift; sourceTree = "<group>"; };
		A62DF2BD210E16B8009482A9 /* Info.plist */ = {isa = PBXFileReference; lastKnownFileType = text.plist.xml; path = Info.plist; sourceTree = "<group>"; };
/* End PBXFileReference section */

/* Begin PBXFrameworksBuildPhase section */
		A62DF293210E16B5009482A9 /* Frameworks */ = {
			isa = PBXFrameworksBuildPhase;
			buildActionMask = 2147483647;
			files = (
			);
			runOnlyForDeploymentPostprocessing = 0;
		};
		A62DF2A9210E16B8009482A9 /* Frameworks */ = {
			isa = PBXFrameworksBuildPhase;
			buildActionMask = 2147483647;
			files = (
			);
			runOnlyForDeploymentPostprocessing = 0;
		};
		A62DF2B4210E16B8009482A9 /* Frameworks */ = {
			isa = PBXFrameworksBuildPhase;
			buildActionMask = 2147483647;
			files = (
			);
			runOnlyForDeploymentPostprocessing = 0;
		};
/* End PBXFrameworksBuildPhase section */

/* Begin PBXGroup section */
		A62DF28D210E16B5009482A9 = {
			isa = PBXGroup;
			children = (
				A62DF298210E16B5009482A9 /* HeartBee */,
				A62DF2AF210E16B8009482A9 /* HeartBeeTests */,
				A62DF2BA210E16B8009482A9 /* HeartBeeUITests */,
				A62DF297210E16B5009482A9 /* Products */,
			);
			sourceTree = "<group>";
		};
		A62DF297210E16B5009482A9 /* Products */ = {
			isa = PBXGroup;
			children = (
				A62DF296210E16B5009482A9 /* HeartBee.app */,
				A62DF2AC210E16B8009482A9 /* HeartBeeTests.xctest */,
				A62DF2B7210E16B8009482A9 /* HeartBeeUITests.xctest */,
			);
			name = Products;
			sourceTree = "<group>";
		};
		A62DF298210E16B5009482A9 /* HeartBee */ = {
			isa = PBXGroup;
			children = (
				A62DF299210E16B5009482A9 /* AppDelegate.swift */,
				A62DF29B210E16B5009482A9 /* FirstViewController.swift */,
				A62DF29D210E16B5009482A9 /* SecondViewController.swift */,
				A62DF29F210E16B5009482A9 /* Main.storyboard */,
				A62DF2A2210E16B8009482A9 /* Assets.xcassets */,
				A62DF2A4210E16B8009482A9 /* LaunchScreen.storyboard */,
				A62DF2A7210E16B8009482A9 /* Info.plist */,
			);
			path = HeartBee;
			sourceTree = "<group>";
		};
		A62DF2AF210E16B8009482A9 /* HeartBeeTests */ = {
			isa = PBXGroup;
			children = (
				A62DF2B0210E16B8009482A9 /* HeartBeeTests.swift */,
				A62DF2B2210E16B8009482A9 /* Info.plist */,
			);
			path = HeartBeeTests;
			sourceTree = "<group>";
		};
		A62DF2BA210E16B8009482A9 /* HeartBeeUITests */ = {
			isa = PBXGroup;
			children = (
				A62DF2BB210E16B8009482A9 /* HeartBeeUITests.swift */,
				A62DF2BD210E16B8009482A9 /* Info.plist */,
			);
			path = HeartBeeUITests;
			sourceTree = "<group>";
		};
/* End PBXGroup section */

/* Begin PBXNativeTarget section */
		A62DF295210E16B5009482A9 /* HeartBee */ = {
			isa = PBXNativeTarget;
			buildConfigurationList = A62DF2C0210E16B8009482A9 /* Build configuration list for PBXNativeTarget "HeartBee" */;
			buildPhases = (
				A62DF292210E16B5009482A9 /* Sources */,
				A62DF293210E16B5009482A9 /* Frameworks */,
				A62DF294210E16B5009482A9 /* Resources */,
			);
			buildRules = (
			);
			dependencies = (
			);
			name = HeartBee;
			productName = HeartBee;
			productReference = A62DF296210E16B5009482A9 /* HeartBee.app */;
			productType = "com.apple.product-type.application";
		};
		A62DF2AB210E16B8009482A9 /* HeartBeeTests */ = {
			isa = PBXNativeTarget;
			buildConfigurationList = A62DF2C3210E16B8009482A9 /* Build configuration list for PBXNativeTarget "HeartBeeTests" */;
			buildPhases = (
				A62DF2A8210E16B8009482A9 /* Sources */,
				A62DF2A9210E16B8009482A9 /* Frameworks */,
				A62DF2AA210E16B8009482A9 /* Resources */,
			);
			buildRules = (
			);
			dependencies = (
				A62DF2AE210E16B8009482A9 /* PBXTargetDependency */,
			);
			name = HeartBeeTests;
			productName = HeartBeeTests;
			productReference = A62DF2AC210E16B8009482A9 /* HeartBeeTests.xctest */;
			productType = "com.apple.product-type.bundle.unit-test";
		};
		A62DF2B6210E16B8009482A9 /* HeartBeeUITests */ = {
			isa = PBXNativeTarget;
			buildConfigurationList = A62DF2C6210E16B8009482A9 /* Build configuration list for PBXNativeTarget "HeartBeeUITests" */;
			buildPhases = (
				A62DF2B3210E16B8009482A9 /* Sources */,
				A62DF2B4210E16B8009482A9 /* Frameworks */,
				A62DF2B5210E16B8009482A9 /* Resources */,
			);
			buildRules = (
			);
			dependencies = (
				A62DF2B9210E16B8009482A9 /* PBXTargetDependency */,
			);
			name = HeartBeeUITests;
			productName = HeartBeeUITests;
			productReference = A62DF2B7210E16B8009482A9 /* HeartBeeUITests.xctest */;
			productType = "com.apple.product-type.bundle.ui-testing";
		};
/* End PBXNativeTarget section */

/* Begin PBXProject section */
		A62DF28E210E16B5009482A9 /* Project object */ = {
			isa = PBXProject;
			attributes = {
				LastSwiftUpdateCheck = 0940;
				LastUpgradeCheck = 0940;
				ORGANIZATIONNAME = AngelHackSF18;
				TargetAttributes = {
					A62DF295210E16B5009482A9 = {
						CreatedOnToolsVersion = 9.4.1;
					};
					A62DF2AB210E16B8009482A9 = {
						CreatedOnToolsVersion = 9.4.1;
						TestTargetID = A62DF295210E16B5009482A9;
					};
					A62DF2B6210E16B8009482A9 = {
						CreatedOnToolsVersion = 9.4.1;
						TestTargetID = A62DF295210E16B5009482A9;
					};
				};
			};
			buildConfigurationList = A62DF291210E16B5009482A9 /* Build configuration list for PBXProject "HeartBee" */;
			compatibilityVersion = "Xcode 9.3";
			developmentRegion = en;
			hasScannedForEncodings = 0;
			knownRegions = (
				en,
				Base,
			);
			mainGroup = A62DF28D210E16B5009482A9;
			productRefGroup = A62DF297210E16B5009482A9 /* Products */;
			projectDirPath = "";
			projectRoot = "";
			targets = (
				A62DF295210E16B5009482A9 /* HeartBee */,
				A62DF2AB210E16B8009482A9 /* HeartBeeTests */,
				A62DF2B6210E16B8009482A9 /* HeartBeeUITests */,
			);
		};
/* End PBXProject section */

/* Begin PBXResourcesBuildPhase section */
		A62DF294210E16B5009482A9 /* Resources */ = {
			isa = PBXResourcesBuildPhase;
			buildActionMask = 2147483647;
			files = (
				A62DF2A6210E16B8009482A9 /* LaunchScreen.storyboard in Resources */,
				A62DF2A3210E16B8009482A9 /* Assets.xcassets in Resources */,
				A62DF2A1210E16B5009482A9 /* Main.storyboard in Resources */,
			);
			runOnlyForDeploymentPostprocessing = 0;
		};
		A62DF2AA210E16B8009482A9 /* Resources */ = {
			isa = PBXResourcesBuildPhase;
			buildActionMask = 2147483647;
			files = (
			);
			runOnlyForDeploymentPostprocessing = 0;
		};
		A62DF2B5210E16B8009482A9 /* Resources */ = {
			isa = PBXResourcesBuildPhase;
			buildActionMask = 2147483647;
			files = (
			);
			runOnlyForDeploymentPostprocessing = 0;
		};
/* End PBXResourcesBuildPhase section */

/* Begin PBXSourcesBuildPhase section */
		A62DF292210E16B5009482A9 /* Sources */ = {
			isa = PBXSourcesBuildPhase;
			buildActionMask = 2147483647;
			files = (
				A62DF29E210E16B5009482A9 /* SecondViewController.swift in Sources */,
				A62DF29A210E16B5009482A9 /* AppDelegate.swift in Sources */,
				A62DF29C210E16B5009482A9 /* FirstViewController.swift in Sources */,
			);
			runOnlyForDeploymentPostprocessing = 0;
		};
		A62DF2A8210E16B8009482A9 /* Sources */ = {
			isa = PBXSourcesBuildPhase;
			buildActionMask = 2147483647;
			files = (
				A62DF2B1210E16B8009482A9 /* HeartBeeTests.swift in Sources */,
			);
			runOnlyForDeploymentPostprocessing = 0;
		};
		A62DF2B3210E16B8009482A9 /* Sources */ = {
			isa = PBXSourcesBuildPhase;
			buildActionMask = 2147483647;
			files = (
				A62DF2BC210E16B8009482A9 /* HeartBeeUITests.swift in Sources */,
			);
			runOnlyForDeploymentPostprocessing = 0;
		};
/* End PBXSourcesBuildPhase section */

/* Begin PBXTargetDependency section */
		A62DF2AE210E16B8009482A9 /* PBXTargetDependency */ = {
			isa = PBXTargetDependency;
			target = A62DF295210E16B5009482A9 /* HeartBee */;
			targetProxy = A62DF2AD210E16B8009482A9 /* PBXContainerItemProxy */;
		};
		A62DF2B9210E16B8009482A9 /* PBXTargetDependency */ = {
			isa = PBXTargetDependency;
			target = A62DF295210E16B5009482A9 /* HeartBee */;
			targetProxy = A62DF2B8210E16B8009482A9 /* PBXContainerItemProxy */;
		};
/* End PBXTargetDependency section */

/* Begin PBXVariantGroup section */
		A62DF29F210E16B5009482A9 /* Main.storyboard */ = {
			isa = PBXVariantGroup;
			children = (
				A62DF2A0210E16B5009482A9 /* Base */,
			);
			name = Main.storyboard;
			sourceTree = "<group>";
		};
		A62DF2A4210E16B8009482A9 /* LaunchScreen.storyboard */ = {
			isa = PBXVariantGroup;
			children = (
				A62DF2A5210E16B8009482A9 /* Base */,
			);
			name = LaunchScreen.storyboard;
			sourceTree = "<group>";
		};
/* End PBXVariantGroup section */

/* Begin XCBuildConfiguration section */
		A62DF2BE210E16B8009482A9 /* Debug */ = {
			isa = XCBuildConfiguration;
			buildSettings = {
				ALWAYS_SEARCH_USER_PATHS = NO;
				CLANG_ANALYZER_NONNULL = YES;
				CLANG_ANALYZER_NUMBER_OBJECT_CONVERSION = YES_AGGRESSIVE;
				CLANG_CXX_LANGUAGE_STANDARD = "gnu++14";
				CLANG_CXX_LIBRARY = "libc++";
				CLANG_ENABLE_MODULES = YES;
				CLANG_ENABLE_OBJC_ARC = YES;
				CLANG_ENABLE_OBJC_WEAK = YES;
				CLANG_WARN_BLOCK_CAPTURE_AUTORELEASING = YES;
				CLANG_WARN_BOOL_CONVERSION = YES;
				CLANG_WARN_COMMA = YES;
				CLANG_WARN_CONSTANT_CONVERSION = YES;
				CLANG_WARN_DEPRECATED_OBJC_IMPLEMENTATIONS = YES;
				CLANG_WARN_DIRECT_OBJC_ISA_USAGE = YES_ERROR;
				CLANG_WARN_DOCUMENTATION_COMMENTS = YES;
				CLANG_WARN_EMPTY_BODY = YES;
				CLANG_WARN_ENUM_CONVERSION = YES;
				CLANG_WARN_INFINITE_RECURSION = YES;
				CLANG_WARN_INT_CONVERSION = YES;
				CLANG_WARN_NON_LITERAL_NULL_CONVERSION = YES;
				CLANG_WARN_OBJC_IMPLICIT_RETAIN_SELF = YES;
				CLANG_WARN_OBJC_LITERAL_CONVERSION = YES;
				CLANG_WARN_OBJC_ROOT_CLASS = YES_ERROR;
				CLANG_WARN_RANGE_LOOP_ANALYSIS = YES;
				CLANG_WARN_STRICT_PROTOTYPES = YES;
				CLANG_WARN_SUSPICIOUS_MOVE = YES;
				CLANG_WARN_UNGUARDED_AVAILABILITY = YES_AGGRESSIVE;
				CLANG_WARN_UNREACHABLE_CODE = YES;
				CLANG_WARN__DUPLICATE_METHOD_MATCH = YES;
				CODE_SIGN_IDENTITY = "iPhone Developer";
				COPY_PHASE_STRIP = NO;
				DEBUG_INFORMATION_FORMAT = dwarf;
				ENABLE_STRICT_OBJC_MSGSEND = YES;
				ENABLE_TESTABILITY = YES;
				GCC_C_LANGUAGE_STANDARD = gnu11;
				GCC_DYNAMIC_NO_PIC = NO;
				GCC_NO_COMMON_BLOCKS = YES;
				GCC_OPTIMIZATION_LEVEL = 0;
				GCC_PREPROCESSOR_DEFINITIONS = (
					"DEBUG=1",
					"$(inherited)",
				);
				GCC_WARN_64_TO_32_BIT_CONVERSION = YES;
				GCC_WARN_ABOUT_RETURN_TYPE = YES_ERROR;
				GCC_WARN_UNDECLARED_SELECTOR = YES;
				GCC_WARN_UNINITIALIZED_AUTOS = YES_AGGRESSIVE;
				GCC_WARN_UNUSED_FUNCTION = YES;
				GCC_WARN_UNUSED_VARIABLE = YES;
				IPHONEOS_DEPLOYMENT_TARGET = 11.4;
				MTL_ENABLE_DEBUG_INFO = YES;
				ONLY_ACTIVE_ARCH = YES;
				SDKROOT = iphoneos;
				SWIFT_ACTIVE_COMPILATION_CONDITIONS = DEBUG;
				SWIFT_OPTIMIZATION_LEVEL = "-Onone";
			};
			name = Debug;
		};
		A62DF2BF210E16B8009482A9 /* Release */ = {
			isa = XCBuildConfiguration;
			buildSettings = {
				ALWAYS_SEARCH_USER_PATHS = NO;
				CLANG_ANALYZER_NONNULL = YES;
				CLANG_ANALYZER_NUMBER_OBJECT_CONVERSION = YES_AGGRESSIVE;
				CLANG_CXX_LANGUAGE_STANDARD = "gnu++14";
				CLANG_CXX_LIBRARY = "libc++";
				CLANG_ENABLE_MODULES = YES;
				CLANG_ENABLE_OBJC_ARC = YES;
				CLANG_ENABLE_OBJC_WEAK = YES;
				CLANG_WARN_BLOCK_CAPTURE_AUTORELEASING = YES;
				CLANG_WARN_BOOL_CONVERSION = YES;
				CLANG_WARN_COMMA = YES;
				CLANG_WARN_CONSTANT_CONVERSION = YES;
				CLANG_WARN_DEPRECATED_OBJC_IMPLEMENTATIONS = YES;
				CLANG_WARN_DIRECT_OBJC_ISA_USAGE = YES_ERROR;
				CLANG_WARN_DOCUMENTATION_COMMENTS = YES;
				CLANG_WARN_EMPTY_BODY = YES;
				CLANG_WARN_ENUM_CONVERSION = YES;
				CLANG_WARN_INFINITE_RECURSION = YES;
				CLANG_WARN_INT_CONVERSION = YES;
				CLANG_WARN_NON_LITERAL_NULL_CONVERSION = YES;
				CLANG_WARN_OBJC_IMPLICIT_RETAIN_SELF = YES;
				CLANG_WARN_OBJC_LITERAL_CONVERSION = YES;
				CLANG_WARN_OBJC_ROOT_CLASS = YES_ERROR;
				CLANG_WARN_RANGE_LOOP_ANALYSIS = YES;
				CLANG_WARN_STRICT_PROTOTYPES = YES;
				CLANG_WARN_SUSPICIOUS_MOVE = YES;
				CLANG_WARN_UNGUARDED_AVAILABILITY = YES_AGGRESSIVE;
				CLANG_WARN_UNREACHABLE_CODE = YES;
				CLANG_WARN__DUPLICATE_METHOD_MATCH = YES;
				CODE_SIGN_IDENTITY = "iPhone Developer";
				COPY_PHASE_STRIP = NO;
				DEBUG_INFORMATION_FORMAT = "dwarf-with-dsym";
				ENABLE_NS_ASSERTIONS = NO;
				ENABLE_STRICT_OBJC_MSGSEND = YES;
				GCC_C_LANGUAGE_STANDARD = gnu11;
				GCC_NO_COMMON_BLOCKS = YES;
				GCC_WARN_64_TO_32_BIT_CONVERSION = YES;
				GCC_WARN_ABOUT_RETURN_TYPE = YES_ERROR;
				GCC_WARN_UNDECLARED_SELECTOR = YES;
				GCC_WARN_UNINITIALIZED_AUTOS = YES_AGGRESSIVE;
				GCC_WARN_UNUSED_FUNCTION = YES;
				GCC_WARN_UNUSED_VARIABLE = YES;
				IPHONEOS_DEPLOYMENT_TARGET = 11.4;
				MTL_ENABLE_DEBUG_INFO = NO;
				SDKROOT = iphoneos;
				SWIFT_COMPILATION_MODE = wholemodule;
				SWIFT_OPTIMIZATION_LEVEL = "-O";
				VALIDATE_PRODUCT = YES;
			};
			name = Release;
		};
		A62DF2C1210E16B8009482A9 /* Debug */ = {
			isa = XCBuildConfiguration;
			buildSettings = {
				ASSETCATALOG_COMPILER_APPICON_NAME = AppIcon;
				CODE_SIGN_STYLE = Automatic;
				DEVELOPMENT_TEAM = VZK4KNL696;
				INFOPLIST_FILE = HeartBee/Info.plist;
				LD_RUNPATH_SEARCH_PATHS = (
					"$(inherited)",
					"@executable_path/Frameworks",
				);
				PRODUCT_BUNDLE_IDENTIFIER = us.HeartBee;
				PRODUCT_NAME = "$(TARGET_NAME)";
				SWIFT_VERSION = 4.0;
				TARGETED_DEVICE_FAMILY = "1,2";
			};
			name = Debug;
		};
		A62DF2C2210E16B8009482A9 /* Release */ = {
			isa = XCBuildConfiguration;
			buildSettings = {
				ASSETCATALOG_COMPILER_APPICON_NAME = AppIcon;
				CODE_SIGN_STYLE = Automatic;
				DEVELOPMENT_TEAM = VZK4KNL696;
				INFOPLIST_FILE = HeartBee/Info.plist;
				LD_RUNPATH_SEARCH_PATHS = (
					"$(inherited)",
					"@executable_path/Frameworks",
				);
				PRODUCT_BUNDLE_IDENTIFIER = us.HeartBee;
				PRODUCT_NAME = "$(TARGET_NAME)";
				SWIFT_VERSION = 4.0;
				TARGETED_DEVICE_FAMILY = "1,2";
			};
			name = Release;
		};
		A62DF2C4210E16B8009482A9 /* Debug */ = {
			isa = XCBuildConfiguration;
			buildSettings = {
				ALWAYS_EMBED_SWIFT_STANDARD_LIBRARIES = YES;
				BUNDLE_LOADER = "$(TEST_HOST)";
				CODE_SIGN_STYLE = Automatic;
				DEVELOPMENT_TEAM = VZK4KNL696;
				INFOPLIST_FILE = HeartBeeTests/Info.plist;
				LD_RUNPATH_SEARCH_PATHS = (
					"$(inherited)",
					"@executable_path/Frameworks",
					"@loader_path/Frameworks",
				);
				PRODUCT_BUNDLE_IDENTIFIER = us.HeartBeeTests;
				PRODUCT_NAME = "$(TARGET_NAME)";
				SWIFT_VERSION = 4.0;
				TARGETED_DEVICE_FAMILY = "1,2";
				TEST_HOST = "$(BUILT_PRODUCTS_DIR)/HeartBee.app/HeartBee";
			};
			name = Debug;
		};
		A62DF2C5210E16B8009482A9 /* Release */ = {
			isa = XCBuildConfiguration;
			buildSettings = {
				ALWAYS_EMBED_SWIFT_STANDARD_LIBRARIES = YES;
				BUNDLE_LOADER = "$(TEST_HOST)";
				CODE_SIGN_STYLE = Automatic;
				DEVELOPMENT_TEAM = VZK4KNL696;
				INFOPLIST_FILE = HeartBeeTests/Info.plist;
				LD_RUNPATH_SEARCH_PATHS = (
					"$(inherited)",
					"@executable_path/Frameworks",
					"@loader_path/Frameworks",
				);
				PRODUCT_BUNDLE_IDENTIFIER = us.HeartBeeTests;
				PRODUCT_NAME = "$(TARGET_NAME)";
				SWIFT_VERSION = 4.0;
				TARGETED_DEVICE_FAMILY = "1,2";
				TEST_HOST = "$(BUILT_PRODUCTS_DIR)/HeartBee.app/HeartBee";
			};
			name = Release;
		};
		A62DF2C7210E16B8009482A9 /* Debug */ = {
			isa = XCBuildConfiguration;
			buildSettings = {
				ALWAYS_EMBED_SWIFT_STANDARD_LIBRARIES = YES;
				CODE_SIGN_STYLE = Automatic;
				DEVELOPMENT_TEAM = VZK4KNL696;
				INFOPLIST_FILE = HeartBeeUITests/Info.plist;
				LD_RUNPATH_SEARCH_PATHS = (
					"$(inherited)",
					"@executable_path/Frameworks",
					"@loader_path/Frameworks",
				);
				PRODUCT_BUNDLE_IDENTIFIER = us.HeartBeeUITests;
				PRODUCT_NAME = "$(TARGET_NAME)";
				SWIFT_VERSION = 4.0;
				TARGETED_DEVICE_FAMILY = "1,2";
				TEST_TARGET_NAME = HeartBee;
			};
			name = Debug;
		};
		A62DF2C8210E16B8009482A9 /* Release */ = {
			isa = XCBuildConfiguration;
			buildSettings = {
				ALWAYS_EMBED_SWIFT_STANDARD_LIBRARIES = YES;
				CODE_SIGN_STYLE = Automatic;
				DEVELOPMENT_TEAM = VZK4KNL696;
				INFOPLIST_FILE = HeartBeeUITests/Info.plist;
				LD_RUNPATH_SEARCH_PATHS = (
					"$(inherited)",
					"@executable_path/Frameworks",
					"@loader_path/Frameworks",
				);
				PRODUCT_BUNDLE_IDENTIFIER = us.HeartBeeUITests;
				PRODUCT_NAME = "$(TARGET_NAME)";
				SWIFT_VERSION = 4.0;
				TARGETED_DEVICE_FAMILY = "1,2";
				TEST_TARGET_NAME = HeartBee;
			};
			name = Release;
		};
/* End XCBuildConfiguration section */

/* Begin XCConfigurationList section */
		A62DF291210E16B5009482A9 /* Build configuration list for PBXProject "HeartBee" */ = {
			isa = XCConfigurationList;
			buildConfigurations = (
				A62DF2BE210E16B8009482A9 /* Debug */,
				A62DF2BF210E16B8009482A9 /* Release */,
			);
			defaultConfigurationIsVisible = 0;
			defaultConfigurationName = Release;
		};
		A62DF2C0210E16B8009482A9 /* Build configuration list for PBXNativeTarget "HeartBee" */ = {
			isa = XCConfigurationList;
			buildConfigurations = (
				A62DF2C1210E16B8009482A9 /* Debug */,
				A62DF2C2210E16B8009482A9 /* Release */,
			);
			defaultConfigurationIsVisible = 0;
			defaultConfigurationName = Release;
		};
		A62DF2C3210E16B8009482A9 /* Build configuration list for PBXNativeTarget "HeartBeeTests" */ = {
			isa = XCConfigurationList;
			buildConfigurations = (
				A62DF2C4210E16B8009482A9 /* Debug */,
				A62DF2C5210E16B8009482A9 /* Release */,
			);
			defaultConfigurationIsVisible = 0;
			defaultConfigurationName = Release;
		};
		A62DF2C6210E16B8009482A9 /* Build configuration list for PBXNativeTarget "HeartBeeUITests" */ = {
			isa = XCConfigurationList;
			buildConfigurations = (
				A62DF2C7210E16B8009482A9 /* Debug */,
				A62DF2C8210E16B8009482A9 /* Release */,
			);
			defaultConfigurationIsVisible = 0;
			defaultConfigurationName = Release;
		};
/* End XCConfigurationList section */
	};
	rootObject = A62DF28E210E16B5009482A9 /* Project object */;
}
